github.com/extism/go-pdk v1.0.5 h1:5d5yYkWBweBP84Z+H3DP5DsD0fwvf2anWXyypCXpSW8=
github.com/extism/go-pdk v1.0.5/go.mod h1:Gz+LIU/YCKnKXhgge8yo5Yu1F/lbv7KtKFkiCSzW/P4=
golang.org/x/crypto v0.35.0 h1:b15kiHdrGCHrP6LvwaQ3c03kgNhhiMgvlhxHQhmg2Xs=
golang.org/x/crypto v0.35.0/go.mod h1:dy7dXNW32cAb/6/PRuTNsix8T+vJAqvuIy5Bli/x0YQ=
